
Microsoft Visual Studio Solution File, Format Version 12.00
# Visual Studio Version 17
VisualStudioVersion = 17.2.32616.157
MinimumVisualStudioVersion = 10.0.40219.1
Project("{8BC9CEB8-8B4A-11D0-8D11-00A0C91BC942}") = "Project13", "Project13\Project13.vcxproj", "{978B7708-4B92-44F8-924D-148C16AD7D0D}"
EndProject
Global
	GlobalSection(SolutionConfigurationPlatforms) = preSolution
		Debug|x64 = Debug|x64
		Debug|x86 = Debug|x86
		Release|x64 = Release|x64
		Release|x86 = Release|x86
	EndGlobalSection
	GlobalSection(ProjectConfigurationPlatforms) = postSolution
		{978B7708-4B92-44F8-924D-148C16AD7D0D}.Debug|x64.ActiveCfg = Debug|x64
		{978B7708-4B92-44F8-924D-148C16AD7D0D}.Debug|x64.Build.0 = Debug|x64
		{978B7708-4B92-44F8-924D-148C16AD7D0D}.Debug|x86.ActiveCfg = Debug|Win32
		{978B7708-4B92-44F8-924D-148C16AD7D0D}.Debug|x86.Build.0 = Debug|Win32
		{978B7708-4B92-44F8-924D-148C16AD7D0D}.Release|x64.ActiveCfg = Release|x64
		{978B7708-4B92-44F8-924D-148C16AD7D0D}.Release|x64.Build.0 = Release|x64
		{978B7708-4B92-44F8-924D-148C16AD7D0D}.Release|x86.ActiveCfg = Release|Win32
		{978B7708-4B92-44F8-924D-148C16AD7D0D}.Release|x86.Build.0 = Release|Win32
	EndGlobalSection
	GlobalSection(SolutionProperties) = preSolution
		HideSolutionNode = FALSE
	EndGlobalSection
	GlobalSection(ExtensibilityGlobals) = postSolution
		SolutionGuid = {F46FD619-F37A-44EA-987F-E5B98B3B870C}
	EndGlobalSection
EndGlobal
