
Microsoft Visual Studio Solution File, Format Version 12.00
# Visual Studio Version 17
VisualStudioVersion = 17.2.32616.157
MinimumVisualStudioVersion = 10.0.40219.1
Project("{8BC9CEB8-8B4A-11D0-8D11-00A0C91BC942}") = "Project14", "Project14\Project14.vcxproj", "{DC58CC0C-9F87-4414-875B-1EF73FFF9FBD}"
EndProject
Global
	GlobalSection(SolutionConfigurationPlatforms) = preSolution
		Debug|x64 = Debug|x64
		Debug|x86 = Debug|x86
		Release|x64 = Release|x64
		Release|x86 = Release|x86
	EndGlobalSection
	GlobalSection(ProjectConfigurationPlatforms) = postSolution
		{DC58CC0C-9F87-4414-875B-1EF73FFF9FBD}.Debug|x64.ActiveCfg = Debug|x64
		{DC58CC0C-9F87-4414-875B-1EF73FFF9FBD}.Debug|x64.Build.0 = Debug|x64
		{DC58CC0C-9F87-4414-875B-1EF73FFF9FBD}.Debug|x86.ActiveCfg = Debug|Win32
		{DC58CC0C-9F87-4414-875B-1EF73FFF9FBD}.Debug|x86.Build.0 = Debug|Win32
		{DC58CC0C-9F87-4414-875B-1EF73FFF9FBD}.Release|x64.ActiveCfg = Release|x64
		{DC58CC0C-9F87-4414-875B-1EF73FFF9FBD}.Release|x64.Build.0 = Release|x64
		{DC58CC0C-9F87-4414-875B-1EF73FFF9FBD}.Release|x86.ActiveCfg = Release|Win32
		{DC58CC0C-9F87-4414-875B-1EF73FFF9FBD}.Release|x86.Build.0 = Release|Win32
	EndGlobalSection
	GlobalSection(SolutionProperties) = preSolution
		HideSolutionNode = FALSE
	EndGlobalSection
	GlobalSection(ExtensibilityGlobals) = postSolution
		SolutionGuid = {C37AC1C9-A78F-49A8-ADAF-0ACB9D2BD017}
	EndGlobalSection
EndGlobal
